// !$*UTF8*$!
{
	archiveVersion = 1;
	classes = {
	};
	objectVersion = 51;
	objects = {

/* Begin PBXBuildFile section */
		250EBC1D26C6571E00D7FD76 /* AppDelegate.swift in Sources */ = {isa = PBXBuildFile; fileRef = 250EBC1C26C6571E00D7FD76 /* AppDelegate.swift */; };
		250EBC1F26C6571E00D7FD76 /* SceneDelegate.swift in Sources */ = {isa = PBXBuildFile; fileRef = 250EBC1E26C6571E00D7FD76 /* SceneDelegate.swift */; };
		250EBC2126C6571E00D7FD76 /* HomeViewController.swift in Sources */ = {isa = PBXBuildFile; fileRef = 250EBC2026C6571E00D7FD76 /* HomeViewController.swift */; };
		250EBC2426C6571E00D7FD76 /* Main.storyboard in Resources */ = {isa = PBXBuildFile; fileRef = 250EBC2226C6571E00D7FD76 /* Main.storyboard */; };
		250EBC2626C6571F00D7FD76 /* Assets.xcassets in Resources */ = {isa = PBXBuildFile; fileRef = 250EBC2526C6571F00D7FD76 /* Assets.xcassets */; };
		250EBC2926C6571F00D7FD76 /* LaunchScreen.storyboard in Resources */ = {isa = PBXBuildFile; fileRef = 250EBC2726C6571F00D7FD76 /* LaunchScreen.storyboard */; };
		250EBC3726C65B7C00D7FD76 /* CityNamesTableViewCell.swift in Sources */ = {isa = PBXBuildFile; fileRef = 250EBC3626C65B7C00D7FD76 /* CityNamesTableViewCell.swift */; };
		250EBC3926C67D0300D7FD76 /* AddCityViewController.swift in Sources */ = {isa = PBXBuildFile; fileRef = 250EBC3826C67D0300D7FD76 /* AddCityViewController.swift */; };
		2531FEFA26CA5383002FB7A4 /* AddCityViewModel.swift in Sources */ = {isa = PBXBuildFile; fileRef = 2531FEF926CA5383002FB7A4 /* AddCityViewModel.swift */; };
		2531FEFC26CA5E86002FB7A4 /* ResultModel.swift in Sources */ = {isa = PBXBuildFile; fileRef = 2531FEFB26CA5E86002FB7A4 /* ResultModel.swift */; };
		2531FEFE26CA5FBE002FB7A4 /* WebService.swift in Sources */ = {isa = PBXBuildFile; fileRef = 2531FEFD26CA5FBE002FB7A4 /* WebService.swift */; };
		2531FF0026CA8173002FB7A4 /* HomeViewModel.swift in Sources */ = {isa = PBXBuildFile; fileRef = 2531FEFF26CA8173002FB7A4 /* HomeViewModel.swift */; };
		2531FF0626CA8B63002FB7A4 /* cities.txt in Resources */ = {isa = PBXBuildFile; fileRef = 2531FF0526CA8B63002FB7A4 /* cities.txt */; };
		72E8ABB0804225DF67382A9B /* Pods_HavaDurumu.framework in Frameworks */ = {isa = PBXBuildFile; fileRef = 26C7B7C7DA7B4711226B4D16 /* Pods_HavaDurumu.framework */; };
/* End PBXBuildFile section */

/* Begin PBXFileReference section */
		250EBC1926C6571E00D7FD76 /* HavaDurumu.app */ = {isa = PBXFileReference; explicitFileType = wrapper.application; includeInIndex = 0; path = HavaDurumu.app; sourceTree = BUILT_PRODUCTS_DIR; };
		250EBC1C26C6571E00D7FD76 /* AppDelegate.swift */ = {isa = PBXFileReference; lastKnownFileType = sourcecode.swift; path = AppDelegate.swift; sourceTree = "<group>"; };
		250EBC1E26C6571E00D7FD76 /* SceneDelegate.swift */ = {isa = PBXFileReference; lastKnownFileType = sourcecode.swift; path = SceneDelegate.swift; sourceTree = "<group>"; };
		250EBC2026C6571E00D7FD76 /* HomeViewController.swift */ = {isa = PBXFileReference; lastKnownFileType = sourcecode.swift; path = HomeViewController.swift; sourceTree = "<group>"; };
		250EBC2326C6571E00D7FD76 /* Base */ = {isa = PBXFileReference; lastKnownFileType = file.storyboard; name = Base; path = Base.lproj/Main.storyboard; sourceTree = "<group>"; };
		250EBC2526C6571F00D7FD76 /* Assets.xcassets */ = {isa = PBXFileReference; lastKnownFileType = folder.assetcatalog; path = Assets.xcassets; sourceTree = "<group>"; };
		250EBC2826C6571F00D7FD76 /* Base */ = {isa = PBXFileReference; lastKnownFileType = file.storyboard; name = Base; path = Base.lproj/LaunchScreen.storyboard; sourceTree = "<group>"; };
		250EBC2A26C6571F00D7FD76 /* Info.plist */ = {isa = PBXFileReference; lastKnownFileType = text.plist.xml; path = Info.plist; sourceTree = "<group>"; };
		250EBC3626C65B7C00D7FD76 /* CityNamesTableViewCell.swift */ = {isa = PBXFileReference; lastKnownFileType = sourcecode.swift; path = CityNamesTableViewCell.swift; sourceTree = "<group>"; };
		250EBC3826C67D0300D7FD76 /* AddCityViewController.swift */ = {isa = PBXFileReference; lastKnownFileType = sourcecode.swift; path = AddCityViewController.swift; sourceTree = "<group>"; };
		2531FEF926CA5383002FB7A4 /* AddCityViewModel.swift */ = {isa = PBXFileReference; lastKnownFileType = sourcecode.swift; path = AddCityViewModel.swift; sourceTree = "<group>"; };
		2531FEFB26CA5E86002FB7A4 /* ResultModel.swift */ = {isa = PBXFileReference; lastKnownFileType = sourcecode.swift; path = ResultModel.swift; sourceTree = "<group>"; };
		2531FEFD26CA5FBE002FB7A4 /* WebService.swift */ = {isa = PBXFileReference; lastKnownFileType = sourcecode.swift; path = WebService.swift; sourceTree = "<group>"; };
		2531FEFF26CA8173002FB7A4 /* HomeViewModel.swift */ = {isa = PBXFileReference; lastKnownFileType = sourcecode.swift; path = HomeViewModel.swift; sourceTree = "<group>"; };
		2531FF0526CA8B63002FB7A4 /* cities.txt */ = {isa = PBXFileReference; fileEncoding = 4; lastKnownFileType = text; path = cities.txt; sourceTree = "<group>"; };
		26C7B7C7DA7B4711226B4D16 /* Pods_HavaDurumu.framework */ = {isa = PBXFileReference; explicitFileType = wrapper.framework; includeInIndex = 0; path = Pods_HavaDurumu.framework; sourceTree = BUILT_PRODUCTS_DIR; };
		27761CBEDEA10C74DC59772F /* Pods-HavaDurumu.release.xcconfig */ = {isa = PBXFileReference; includeInIndex = 1; lastKnownFileType = text.xcconfig; name = "Pods-HavaDurumu.release.xcconfig"; path = "Target Support Files/Pods-HavaDurumu/Pods-HavaDurumu.release.xcconfig"; sourceTree = "<group>"; };
		E6737A9C54B42732BD735ADF /* Pods-HavaDurumu.debug.xcconfig */ = {isa = PBXFileReference; includeInIndex = 1; lastKnownFileType = text.xcconfig; name = "Pods-HavaDurumu.debug.xcconfig"; path = "Target Support Files/Pods-HavaDurumu/Pods-HavaDurumu.debug.xcconfig"; sourceTree = "<group>"; };
/* End PBXFileReference section */

/* Begin PBXFrameworksBuildPhase section */
		250EBC1626C6571E00D7FD76 /* Frameworks */ = {
			isa = PBXFrameworksBuildPhase;
			buildActionMask = 2147483647;
			files = (
				72E8ABB0804225DF67382A9B /* Pods_HavaDurumu.framework in Frameworks */,
			);
			runOnlyForDeploymentPostprocessing = 0;
		};
/* End PBXFrameworksBuildPhase section */

/* Begin PBXGroup section */
		180911B89DA872B0B1860917 /* Pods */ = {
			isa = PBXGroup;
			children = (
				E6737A9C54B42732BD735ADF /* Pods-HavaDurumu.debug.xcconfig */,
				27761CBEDEA10C74DC59772F /* Pods-HavaDurumu.release.xcconfig */,
			);
			path = Pods;
			sourceTree = "<group>";
		};
		250EBC1026C6571E00D7FD76 = {
			isa = PBXGroup;
			children = (
				250EBC1B26C6571E00D7FD76 /* HavaDurumu */,
				250EBC1A26C6571E00D7FD76 /* Products */,
				180911B89DA872B0B1860917 /* Pods */,
				71950A3DBF671E58DD8FF678 /* Frameworks */,
			);
			sourceTree = "<group>";
		};
		250EBC1A26C6571E00D7FD76 /* Products */ = {
			isa = PBXGroup;
			children = (
				250EBC1926C6571E00D7FD76 /* HavaDurumu.app */,
			);
			name = Products;
			sourceTree = "<group>";
		};
		250EBC1B26C6571E00D7FD76 /* HavaDurumu */ = {
			isa = PBXGroup;
			children = (
				250EBC3326C6574A00D7FD76 /* Service */,
				250EBC3226C6574500D7FD76 /* View */,
				250EBC3126C6573E00D7FD76 /* ViewModel */,
				250EBC3026C6573800D7FD76 /* Model */,
				250EBC1C26C6571E00D7FD76 /* AppDelegate.swift */,
				250EBC1E26C6571E00D7FD76 /* SceneDelegate.swift */,
				250EBC2226C6571E00D7FD76 /* Main.storyboard */,
				250EBC2526C6571F00D7FD76 /* Assets.xcassets */,
				250EBC2726C6571F00D7FD76 /* LaunchScreen.storyboard */,
				2531FF0526CA8B63002FB7A4 /* cities.txt */,
				250EBC2A26C6571F00D7FD76 /* Info.plist */,
			);
			path = HavaDurumu;
			sourceTree = "<group>";
		};
		250EBC3026C6573800D7FD76 /* Model */ = {
			isa = PBXGroup;
			children = (
				2531FEFB26CA5E86002FB7A4 /* ResultModel.swift */,
			);
			path = Model;
			sourceTree = "<group>";
		};
		250EBC3126C6573E00D7FD76 /* ViewModel */ = {
			isa = PBXGroup;
			children = (
				2531FEF926CA5383002FB7A4 /* AddCityViewModel.swift */,
				2531FEFF26CA8173002FB7A4 /* HomeViewModel.swift */,
			);
			path = ViewModel;
			sourceTree = "<group>";
		};
		250EBC3226C6574500D7FD76 /* View */ = {
			isa = PBXGroup;
			children = (
				250EBC2026C6571E00D7FD76 /* HomeViewController.swift */,
				250EBC3626C65B7C00D7FD76 /* CityNamesTableViewCell.swift */,
				250EBC3826C67D0300D7FD76 /* AddCityViewController.swift */,
			);
			path = View;
			sourceTree = "<group>";
		};
		250EBC3326C6574A00D7FD76 /* Service */ = {
			isa = PBXGroup;
			children = (
				2531FEFD26CA5FBE002FB7A4 /* WebService.swift */,
			);
			path = Service;
			sourceTree = "<group>";
		};
		71950A3DBF671E58DD8FF678 /* Frameworks */ = {
			isa = PBXGroup;
			children = (
				26C7B7C7DA7B4711226B4D16 /* Pods_HavaDurumu.framework */,
			);
			name = Frameworks;
			sourceTree = "<group>";
		};
/* End PBXGroup section */

/* Begin PBXNativeTarget section */
		250EBC1826C6571E00D7FD76 /* HavaDurumu */ = {
			isa = PBXNativeTarget;
			buildConfigurationList = 250EBC2D26C6571F00D7FD76 /* Build configuration list for PBXNativeTarget "HavaDurumu" */;
			buildPhases = (
				9337186827EFB66CB32F6D47 /* [CP] Check Pods Manifest.lock */,
				250EBC1526C6571E00D7FD76 /* Sources */,
				250EBC1626C6571E00D7FD76 /* Frameworks */,
				250EBC1726C6571E00D7FD76 /* Resources */,
				CDAE3655A6A63981CC86F96C /* [CP] Embed Pods Frameworks */,
			);
			buildRules = (
			);
			dependencies = (
			);
			name = HavaDurumu;
			productName = HavaDurumu;
			productReference = 250EBC1926C6571E00D7FD76 /* HavaDurumu.app */;
			productType = "com.apple.product-type.application";
		};
/* End PBXNativeTarget section */

/* Begin PBXProject section */
		250EBC1126C6571E00D7FD76 /* Project object */ = {
			isa = PBXProject;
			attributes = {
				LastSwiftUpdateCheck = 1250;
				LastUpgradeCheck = 1250;
				TargetAttributes = {
					250EBC1826C6571E00D7FD76 = {
						CreatedOnToolsVersion = 12.5.1;
					};
				};
			};
			buildConfigurationList = 250EBC1426C6571E00D7FD76 /* Build configuration list for PBXProject "HavaDurumu" */;
			compatibilityVersion = "Xcode 9.3";
			developmentRegion = en;
			hasScannedForEncodings = 0;
			knownRegions = (
				en,
				Base,
			);
			mainGroup = 250EBC1026C6571E00D7FD76;
			productRefGroup = 250EBC1A26C6571E00D7FD76 /* Products */;
			projectDirPath = "";
			projectRoot = "";
			targets = (
				250EBC1826C6571E00D7FD76 /* HavaDurumu */,
			);
		};
/* End PBXProject section */

/* Begin PBXResourcesBuildPhase section */
		250EBC1726C6571E00D7FD76 /* Resources */ = {
			isa = PBXResourcesBuildPhase;
			buildActionMask = 2147483647;
			files = (
				250EBC2926C6571F00D7FD76 /* LaunchScreen.storyboard in Resources */,
				2531FF0626CA8B63002FB7A4 /* cities.txt in Resources */,
				250EBC2626C6571F00D7FD76 /* Assets.xcassets in Resources */,
				250EBC2426C6571E00D7FD76 /* Main.storyboard in Resources */,
			);
			runOnlyForDeploymentPostprocessing = 0;
		};
/* End PBXResourcesBuildPhase section */

/* Begin PBXShellScriptBuildPhase section */
		9337186827EFB66CB32F6D47 /* [CP] Check Pods Manifest.lock */ = {
			isa = PBXShellScriptBuildPhase;
			buildActionMask = 2147483647;
			files = (
			);
			inputFileListPaths = (
			);
			inputPaths = (
				"${PODS_PODFILE_DIR_PATH}/Podfile.lock",
				"${PODS_ROOT}/Manifest.lock",
			);
			name = "[CP] Check Pods Manifest.lock";
			outputFileListPaths = (
			);
			outputPaths = (
				"$(DERIVED_FILE_DIR)/Pods-HavaDurumu-checkManifestLockResult.txt",
			);
			runOnlyForDeploymentPostprocessing = 0;
			shellPath = /bin/sh;
			shellScript = "diff \"${PODS_PODFILE_DIR_PATH}/Podfile.lock\" \"${PODS_ROOT}/Manifest.lock\" > /dev/null\nif [ $? != 0 ] ; then\n    # print error to STDERR\n    echo \"error: The sandbox is not in sync with the Podfile.lock. Run 'pod install' or update your CocoaPods installation.\" >&2\n    exit 1\nfi\n# This output is used by Xcode 'outputs' to avoid re-running this script phase.\necho \"SUCCESS\" > \"${SCRIPT_OUTPUT_FILE_0}\"\n";
			showEnvVarsInLog = 0;
		};
		CDAE3655A6A63981CC86F96C /* [CP] Embed Pods Frameworks */ = {
			isa = PBXShellScriptBuildPhase;
			buildActionMask = 2147483647;
			files = (
			);
			inputFileListPaths = (
				"${PODS_ROOT}/Target Support Files/Pods-HavaDurumu/Pods-HavaDurumu-frameworks-${CONFIGURATION}-input-files.xcfilelist",
			);
			name = "[CP] Embed Pods Frameworks";
			outputFileListPaths = (
				"${PODS_ROOT}/Target Support Files/Pods-HavaDurumu/Pods-HavaDurumu-frameworks-${CONFIGURATION}-output-files.xcfilelist",
			);
			runOnlyForDeploymentPostprocessing = 0;
			shellPath = /bin/sh;
			shellScript = "\"${PODS_ROOT}/Target Support Files/Pods-HavaDurumu/Pods-HavaDurumu-frameworks.sh\"\n";
			showEnvVarsInLog = 0;
		};
/* End PBXShellScriptBuildPhase section */

/* Begin PBXSourcesBuildPhase section */
		250EBC1526C6571E00D7FD76 /* Sources */ = {
			isa = PBXSourcesBuildPhase;
			buildActionMask = 2147483647;
			files = (
				250EBC3926C67D0300D7FD76 /* AddCityViewController.swift in Sources */,
				2531FF0026CA8173002FB7A4 /* HomeViewModel.swift in Sources */,
				250EBC2126C6571E00D7FD76 /* HomeViewController.swift in Sources */,
				2531FEFE26CA5FBE002FB7A4 /* WebService.swift in Sources */,
				250EBC1D26C6571E00D7FD76 /* AppDelegate.swift in Sources */,
				250EBC1F26C6571E00D7FD76 /* SceneDelegate.swift in Sources */,
				250EBC3726C65B7C00D7FD76 /* CityNamesTableViewCell.swift in Sources */,
				2531FEFC26CA5E86002FB7A4 /* ResultModel.swift in Sources */,
				2531FEFA26CA5383002FB7A4 /* AddCityViewModel.swift in Sources */,
			);
			runOnlyForDeploymentPostprocessing = 0;
		};
/* End PBXSourcesBuildPhase section */

/* Begin PBXVariantGroup section */
		250EBC2226C6571E00D7FD76 /* Main.storyboard */ = {
			isa = PBXVariantGroup;
			children = (
				250EBC2326C6571E00D7FD76 /* Base */,
			);
			name = Main.storyboard;
			sourceTree = "<group>";
		};
		250EBC2726C6571F00D7FD76 /* LaunchScreen.storyboard */ = {
			isa = PBXVariantGroup;
			children = (
				250EBC2826C6571F00D7FD76 /* Base */,
			);
			name = LaunchScreen.storyboard;
			sourceTree = "<group>";
		};
/* End PBXVariantGroup section */

/* Begin XCBuildConfiguration section */
		250EBC2B26C6571F00D7FD76 /* Debug */ = {
			isa = XCBuildConfiguration;
			buildSettings = {
				ALWAYS_SEARCH_USER_PATHS = NO;
				CLANG_ANALYZER_NONNULL = YES;
				CLANG_ANALYZER_NUMBER_OBJECT_CONVERSION = YES_AGGRESSIVE;
				CLANG_CXX_LANGUAGE_STANDARD = "gnu++14";
				CLANG_CXX_LIBRARY = "libc++";
				CLANG_ENABLE_MODULES = YES;
				CLANG_ENABLE_OBJC_ARC = YES;
				CLANG_ENABLE_OBJC_WEAK = YES;
				CLANG_WARN_BLOCK_CAPTURE_AUTORELEASING = YES;
				CLANG_WARN_BOOL_CONVERSION = YES;
				CLANG_WARN_COMMA = YES;
				CLANG_WARN_CONSTANT_CONVERSION = YES;
				CLANG_WARN_DEPRECATED_OBJC_IMPLEMENTATIONS = YES;
				CLANG_WARN_DIRECT_OBJC_ISA_USAGE = YES_ERROR;
				CLANG_WARN_DOCUMENTATION_COMMENTS = YES;
				CLANG_WARN_EMPTY_BODY = YES;
				CLANG_WARN_ENUM_CONVERSION = YES;
				CLANG_WARN_INFINITE_RECURSION = YES;
				CLANG_WARN_INT_CONVERSION = YES;
				CLANG_WARN_NON_LITERAL_NULL_CONVERSION = YES;
				CLANG_WARN_OBJC_IMPLICIT_RETAIN_SELF = YES;
				CLANG_WARN_OBJC_LITERAL_CONVERSION = YES;
				CLANG_WARN_OBJC_ROOT_CLASS = YES_ERROR;
				CLANG_WARN_QUOTED_INCLUDE_IN_FRAMEWORK_HEADER = YES;
				CLANG_WARN_RANGE_LOOP_ANALYSIS = YES;
				CLANG_WARN_STRICT_PROTOTYPES = YES;
				CLANG_WARN_SUSPICIOUS_MOVE = YES;
				CLANG_WARN_UNGUARDED_AVAILABILITY = YES_AGGRESSIVE;
				CLANG_WARN_UNREACHABLE_CODE = YES;
				CLANG_WARN__DUPLICATE_METHOD_MATCH = YES;
				COPY_PHASE_STRIP = NO;
				DEBUG_INFORMATION_FORMAT = dwarf;
				ENABLE_STRICT_OBJC_MSGSEND = YES;
				ENABLE_TESTABILITY = YES;
				GCC_C_LANGUAGE_STANDARD = gnu11;
				GCC_DYNAMIC_NO_PIC = NO;
				GCC_NO_COMMON_BLOCKS = YES;
				GCC_OPTIMIZATION_LEVEL = 0;
				GCC_PREPROCESSOR_DEFINITIONS = (
					"DEBUG=1",
					"$(inherited)",
				);
				GCC_WARN_64_TO_32_BIT_CONVERSION = YES;
				GCC_WARN_ABOUT_RETURN_TYPE = YES_ERROR;
				GCC_WARN_UNDECLARED_SELECTOR = YES;
				GCC_WARN_UNINITIALIZED_AUTOS = YES_AGGRESSIVE;
				GCC_WARN_UNUSED_FUNCTION = YES;
				GCC_WARN_UNUSED_VARIABLE = YES;
				IPHONEOS_DEPLOYMENT_TARGET = 13.0;
				MTL_ENABLE_DEBUG_INFO = INCLUDE_SOURCE;
				MTL_FAST_MATH = YES;
				ONLY_ACTIVE_ARCH = YES;
				SDKROOT = iphoneos;
				SWIFT_ACTIVE_COMPILATION_CONDITIONS = DEBUG;
				SWIFT_OPTIMIZATION_LEVEL = "-Onone";
			};
			name = Debug;
		};
		250EBC2C26C6571F00D7FD76 /* Release */ = {
			isa = XCBuildConfiguration;
			buildSettings = {
				ALWAYS_SEARCH_USER_PATHS = NO;
				CLANG_ANALYZER_NONNULL = YES;
				CLANG_ANALYZER_NUMBER_OBJECT_CONVERSION = YES_AGGRESSIVE;
				CLANG_CXX_LANGUAGE_STANDARD = "gnu++14";
				CLANG_CXX_LIBRARY = "libc++";
				CLANG_ENABLE_MODULES = YES;
				CLANG_ENABLE_OBJC_ARC = YES;
				CLANG_ENABLE_OBJC_WEAK = YES;
				CLANG_WARN_BLOCK_CAPTURE_AUTORELEASING = YES;
				CLANG_WARN_BOOL_CONVERSION = YES;
				CLANG_WARN_COMMA = YES;
				CLANG_WARN_CONSTANT_CONVERSION = YES;
				CLANG_WARN_DEPRECATED_OBJC_IMPLEMENTATIONS = YES;
				CLANG_WARN_DIRECT_OBJC_ISA_USAGE = YES_ERROR;
				CLANG_WARN_DOCUMENTATION_COMMENTS = YES;
				CLANG_WARN_EMPTY_BODY = YES;
				CLANG_WARN_ENUM_CONVERSION = YES;
				CLANG_WARN_INFINITE_RECURSION = YES;
				CLANG_WARN_INT_CONVERSION = YES;
				CLANG_WARN_NON_LITERAL_NULL_CONVERSION = YES;
				CLANG_WARN_OBJC_IMPLICIT_RETAIN_SELF = YES;
				CLANG_WARN_OBJC_LITERAL_CONVERSION = YES;
				CLANG_WARN_OBJC_ROOT_CLASS = YES_ERROR;
				CLANG_WARN_QUOTED_INCLUDE_IN_FRAMEWORK_HEADER = YES;
				CLANG_WARN_RANGE_LOOP_ANALYSIS = YES;
				CLANG_WARN_STRICT_PROTOTYPES = YES;
				CLANG_WARN_SUSPICIOUS_MOVE = YES;
				CLANG_WARN_UNGUARDED_AVAILABILITY = YES_AGGRESSIVE;
				CLANG_WARN_UNREACHABLE_CODE = YES;
				CLANG_WARN__DUPLICATE_METHOD_MATCH = YES;
				COPY_PHASE_STRIP = NO;
				DEBUG_INFORMATION_FORMAT = "dwarf-with-dsym";
				ENABLE_NS_ASSERTIONS = NO;
				ENABLE_STRICT_OBJC_MSGSEND = YES;
				GCC_C_LANGUAGE_STANDARD = gnu11;
				GCC_NO_COMMON_BLOCKS = YES;
				GCC_WARN_64_TO_32_BIT_CONVERSION = YES;
				GCC_WARN_ABOUT_RETURN_TYPE = YES_ERROR;
				GCC_WARN_UNDECLARED_SELECTOR = YES;
				GCC_WARN_UNINITIALIZED_AUTOS = YES_AGGRESSIVE;
				GCC_WARN_UNUSED_FUNCTION = YES;
				GCC_WARN_UNUSED_VARIABLE = YES;
				IPHONEOS_DEPLOYMENT_TARGET = 13.0;
				MTL_ENABLE_DEBUG_INFO = NO;
				MTL_FAST_MATH = YES;
				SDKROOT = iphoneos;
				SWIFT_COMPILATION_MODE = wholemodule;
				SWIFT_OPTIMIZATION_LEVEL = "-O";
				VALIDATE_PRODUCT = YES;
			};
			name = Release;
		};
		250EBC2E26C6571F00D7FD76 /* Debug */ = {
			isa = XCBuildConfiguration;
			baseConfigurationReference = E6737A9C54B42732BD735ADF /* Pods-HavaDurumu.debug.xcconfig */;
			buildSettings = {
				ASSETCATALOG_COMPILER_APPICON_NAME = AppIcon;
				ASSETCATALOG_COMPILER_GLOBAL_ACCENT_COLOR_NAME = AccentColor;
				CODE_SIGN_STYLE = Automatic;
				DEVELOPMENT_TEAM = 6QZCS4YFDU;
				INFOPLIST_FILE = HavaDurumu/Info.plist;
				IPHONEOS_DEPLOYMENT_TARGET = 13.0;
				LD_RUNPATH_SEARCH_PATHS = (
					"$(inherited)",
					"@executable_path/Frameworks",
				);
				PRODUCT_BUNDLE_IDENTIFIER = com.canerkaya.HavaDurumu;
				PRODUCT_NAME = "$(TARGET_NAME)";
				SWIFT_VERSION = 5.0;
				TARGETED_DEVICE_FAMILY = 1;
			};
			name = Debug;
		};
		250EBC2F26C6571F00D7FD76 /* Release */ = {
			isa = XCBuildConfiguration;
			baseConfigurationReference = 27761CBEDEA10C74DC59772F /* Pods-HavaDurumu.release.xcconfig */;
			buildSettings = {
				ASSETCATALOG_COMPILER_APPICON_NAME = AppIcon;
				ASSETCATALOG_COMPILER_GLOBAL_ACCENT_COLOR_NAME = AccentColor;
				CODE_SIGN_STYLE = Automatic;
				DEVELOPMENT_TEAM = 6QZCS4YFDU;
				INFOPLIST_FILE = HavaDurumu/Info.plist;
				IPHONEOS_DEPLOYMENT_TARGET = 13.0;
				LD_RUNPATH_SEARCH_PATHS = (
					"$(inherited)",
					"@executable_path/Frameworks",
				);
				PRODUCT_BUNDLE_IDENTIFIER = com.canerkaya.HavaDurumu;
				PRODUCT_NAME = "$(TARGET_NAME)";
				SWIFT_VERSION = 5.0;
				TARGETED_DEVICE_FAMILY = 1;
			};
			name = Release;
		};
/* End XCBuildConfiguration section */

/* Begin XCConfigurationList section */
		250EBC1426C6571E00D7FD76 /* Build configuration list for PBXProject "HavaDurumu" */ = {
			isa = XCConfigurationList;
			buildConfigurations = (
				250EBC2B26C6571F00D7FD76 /* Debug */,
				250EBC2C26C6571F00D7FD76 /* Release */,
			);
			defaultConfigurationIsVisible = 0;
			defaultConfigurationName = Release;
		};
		250EBC2D26C6571F00D7FD76 /* Build configuration list for PBXNativeTarget "HavaDurumu" */ = {
			isa = XCConfigurationList;
			buildConfigurations = (
				250EBC2E26C6571F00D7FD76 /* Debug */,
				250EBC2F26C6571F00D7FD76 /* Release */,
			);
			defaultConfigurationIsVisible = 0;
			defaultConfigurationName = Release;
		};
/* End XCConfigurationList section */
	};
	rootObject = 250EBC1126C6571E00D7FD76 /* Project object */;
}
